
Microsoft Visual Studio Solution File, Format Version 12.00
# Visual Studio Version 17
VisualStudioVersion = 17.2.32630.192
MinimumVisualStudioVersion = 10.0.40219.1
Project("{2150E333-8FDC-42A3-9474-1A3956D46DE8}") = "services", "services", "{47D8A0EE-69AD-4FB5-BD3C-5058F43B6762}"
EndProject
Project("{2150E333-8FDC-42A3-9474-1A3956D46DE8}") = "Status", "Status", "{3ADA08D8-5EA1-4420-9EE4-EEEE6823DAF0}"
EndProject
Project("{9A19103F-16F7-4668-BE54-9A1E7A4F7556}") = "Status.Api", "services\Status\Status.Api\Status.Api.csproj", "{DCC71093-F9C0-4260-8CAB-B542F7EE9BC7}"
EndProject
Project("{9A19103F-16F7-4668-BE54-9A1E7A4F7556}") = "Status.Application", "services\Status\Status.Application\Status.Application.csproj", "{E8BB69AA-C4C1-460E-B7CB-A6D32D8F4208}"
EndProject
Project("{9A19103F-16F7-4668-BE54-9A1E7A4F7556}") = "Status.Dal", "services\Status\Status.Dal\Status.Dal.csproj", "{4B6C22C5-A2D7-4950-ADF9-44B9F631A73C}"
EndProject
Project("{9A19103F-16F7-4668-BE54-9A1E7A4F7556}") = "Status.Domain", "services\Status\Status.Domain\Status.Domain.csproj", "{8EECCD4F-DCE6-4793-AA54-A43DFF307D40}"
EndProject
Project("{9A19103F-16F7-4668-BE54-9A1E7A4F7556}") = "Status.Interface", "services\Status\Status.Interface\Status.Interface.csproj", "{44BC01FF-96CF-4B11-AA04-E88779735A91}"
EndProject
Project("{2150E333-8FDC-42A3-9474-1A3956D46DE8}") = "Partner", "Partner", "{8689A8A1-4799-47CA-AFAF-2A553A321038}"
EndProject
Project("{9A19103F-16F7-4668-BE54-9A1E7A4F7556}") = "Partner.Api", "services\Partner\Partner.Api\Partner.Api.csproj", "{6311FC5E-C79A-4061-8FB5-C6C85F1458AA}"
EndProject
Project("{9A19103F-16F7-4668-BE54-9A1E7A4F7556}") = "Partner.Application", "services\Partner\Partner.Application\Partner.Application.csproj", "{9046F419-0607-4294-A9E9-96FDF676DEBC}"
EndProject
Project("{9A19103F-16F7-4668-BE54-9A1E7A4F7556}") = "Partner.Dal", "services\Partner\Partner.Dal\Partner.Dal.csproj", "{189093B3-40D4-4C9D-892F-7168E720CA32}"
EndProject
Project("{9A19103F-16F7-4668-BE54-9A1E7A4F7556}") = "Partner.Domain", "services\Partner\Partner.Domain\Partner.Domain.csproj", "{90371054-2216-4EB1-84B7-C4FB7752A671}"
EndProject
Project("{2150E333-8FDC-42A3-9474-1A3956D46DE8}") = "Shipping", "Shipping", "{7BF716D4-3197-4D00-A802-70818B582D23}"
EndProject
Project("{9A19103F-16F7-4668-BE54-9A1E7A4F7556}") = "Shipping.Api", "services\Shipping\Shipping.Api\Shipping.Api.csproj", "{92C0F5AB-0885-4F1A-81D4-6E3410DA77B0}"
EndProject
Project("{9A19103F-16F7-4668-BE54-9A1E7A4F7556}") = "Shipping.Application", "services\Shipping\Shipping.Application\Shipping.Application.csproj", "{076AC825-2611-4F6F-95B0-617D3C9A0494}"
EndProject
Project("{9A19103F-16F7-4668-BE54-9A1E7A4F7556}") = "Shipping.Dal", "services\Shipping\Shipping.Dal\Shipping.Dal.csproj", "{D1D83121-C116-4DD4-B0AC-F38A5A156BBE}"
EndProject
Project("{9A19103F-16F7-4668-BE54-9A1E7A4F7556}") = "Shipping.Domain", "services\Shipping\Shipping.Domain\Shipping.Domain.csproj", "{BE2FCE7F-62F5-47B8-AB20-C930F8CA5FF6}"
EndProject
Project("{E53339B2-1760-4266-BCC7-CA923CBCF16C}") = "docker-compose", "docker-compose.dcproj", "{71E81E00-21F6-4EE2-A8DE-3B08A2EAD6C9}"
EndProject
Project("{2150E333-8FDC-42A3-9474-1A3956D46DE8}") = "libs", "libs", "{2CB4ED67-694A-499D-A5FF-E16A4466D242}"
EndProject
Project("{2150E333-8FDC-42A3-9474-1A3956D46DE8}") = "gateway", "gateway", "{B1514B1B-9C94-4E7F-800E-95069921DA44}"
EndProject
Project("{9A19103F-16F7-4668-BE54-9A1E7A4F7556}") = "ApiGateway", "gateway\ApiGateway\ApiGateway.csproj", "{45B75E54-81D7-4F97-9F04-AD2A83CAFD56}"
EndProject
Project("{2150E333-8FDC-42A3-9474-1A3956D46DE8}") = "Order", "Order", "{FFEDF0C2-4FBB-49E2-B394-C186DBF5EF9E}"
EndProject
Project("{9A19103F-16F7-4668-BE54-9A1E7A4F7556}") = "Order.Api", "services\Order\Order.Api\Order.Api.csproj", "{50EA8575-82A0-4CF1-87EE-CFC4CE922B76}"
EndProject
Project("{9A19103F-16F7-4668-BE54-9A1E7A4F7556}") = "Order.Application", "services\Order\Order.Application\Order.Application.csproj", "{A9ED11FE-0851-4C8C-A80F-7EF56CE074AE}"
EndProject
Project("{9A19103F-16F7-4668-BE54-9A1E7A4F7556}") = "Order.Dal", "services\Order\Order.Dal\Order.Dal.csproj", "{D4636498-7427-4D30-9194-40B9EFEC23E7}"
EndProject
Project("{9A19103F-16F7-4668-BE54-9A1E7A4F7556}") = "Order.Domain", "services\Order\Order.Domain\Order.Domain.csproj", "{609F0896-D154-46A2-AF7A-A46C33A76E63}"
EndProject
Project("{2150E333-8FDC-42A3-9474-1A3956D46DE8}") = "sharedkernel", "sharedkernel", "{B793010F-CDBB-4AC4-81D0-0FE3898DDAEC}"
EndProject
Project("{9A19103F-16F7-4668-BE54-9A1E7A4F7556}") = "SharedKernel", "sharedkernel\SharedKernel\SharedKernel.csproj", "{19E1CDD9-F4C8-4A32-AF41-D00D7113BD94}"
EndProject
Project("{9A19103F-16F7-4668-BE54-9A1E7A4F7556}") = "CSONGE.Application", "libs\CSONGE.Application\CSONGE.Application.csproj", "{CF8BFF42-7559-4CCF-B6F8-E0C0648667F3}"
EndProject
Project("{9A19103F-16F7-4668-BE54-9A1E7A4F7556}") = "CSONGE.Dal", "libs\CSONGE.Dal\CSONGE.Dal.csproj", "{D23F159E-F2B0-4B29-A037-DE7F93BB1279}"
EndProject
Project("{9A19103F-16F7-4668-BE54-9A1E7A4F7556}") = "CSONGE.Domain", "libs\CSONGE.Domain\CSONGE.Domain.csproj", "{102B911B-6428-48F4-912F-014D92A720F2}"
EndProject
Project("{9A19103F-16F7-4668-BE54-9A1E7A4F7556}") = "CSONGE.Messaging", "libs\CSONGE.Messaging\CSONGE.Messaging.csproj", "{D7E58EC4-E7D8-4C91-B94E-8652AB4FB83C}"
EndProject
Project("{FAE04EC0-301F-11D3-BF4B-00C04F79EFBC}") = "IdentityProvider.Api", "services\IdentityProvider\IdentityProvider.Api\IdentityProvider.Api.csproj", "{F888FC4B-8113-4316-99CA-E8E8FF464F0E}"
EndProject
Project("{2150E333-8FDC-42A3-9474-1A3956D46DE8}") = "IdentityProvider", "IdentityProvider", "{69C6716F-BE9E-4F19-8F89-38055F9A70AE}"
EndProject
Project("{FAE04EC0-301F-11D3-BF4B-00C04F79EFBC}") = "IdentityProvider.Dal", "services\IdentityProvider\IdentityProvider.Dal\IdentityProvider.Dal.csproj", "{21693F23-79BC-47B6-9F7D-A0E98D4C3AC2}"
EndProject
Project("{FAE04EC0-301F-11D3-BF4B-00C04F79EFBC}") = "IdentityProvider.Domain", "services\IdentityProvider\IdentityProvider.Domain\IdentityProvider.Domain.csproj", "{22A5BDB6-6C89-4C97-B6D8-8E34F1CE1B32}"
EndProject
Project("{FAE04EC0-301F-11D3-BF4B-00C04F79EFBC}") = "IdentityProvider.Interface", "services\IdentityProvider\IdentityProvider.Interface\IdentityProvider.Interface.csproj", "{486017EF-D0D9-4CA9-AD7C-EFE5345F2751}"
EndProject
Project("{FAE04EC0-301F-11D3-BF4B-00C04F79EFBC}") = "IdentityProvider.Application", "services\IdentityProvider\IdentityProvider.Application\IdentityProvider.Application.csproj", "{22B4B1D6-8128-488D-AA01-F0BED6793F4A}"
EndProject
Project("{FAE04EC0-301F-11D3-BF4B-00C04F79EFBC}") = "Shipping.Interface", "services\Shipping\Shipping.Interface\Shipping.Interface.csproj", "{88FA568D-8B73-40AB-B1E3-0C8B257DB01B}"
EndProject
Project("{FAE04EC0-301F-11D3-BF4B-00C04F79EFBC}") = "Order.Interface", "services\Order\Order.Interface\Order.Interface.csproj", "{A29DD2A6-555B-4BF8-8CF5-13446EB64A4D}"
EndProject
Global
	GlobalSection(SolutionConfigurationPlatforms) = preSolution
		Debug|Any CPU = Debug|Any CPU
		Release|Any CPU = Release|Any CPU
	EndGlobalSection
	GlobalSection(ProjectConfigurationPlatforms) = postSolution
		{DCC71093-F9C0-4260-8CAB-B542F7EE9BC7}.Debug|Any CPU.ActiveCfg = Debug|Any CPU
		{DCC71093-F9C0-4260-8CAB-B542F7EE9BC7}.Debug|Any CPU.Build.0 = Debug|Any CPU
		{DCC71093-F9C0-4260-8CAB-B542F7EE9BC7}.Release|Any CPU.ActiveCfg = Release|Any CPU
		{DCC71093-F9C0-4260-8CAB-B542F7EE9BC7}.Release|Any CPU.Build.0 = Release|Any CPU
		{E8BB69AA-C4C1-460E-B7CB-A6D32D8F4208}.Debug|Any CPU.ActiveCfg = Debug|Any CPU
		{E8BB69AA-C4C1-460E-B7CB-A6D32D8F4208}.Debug|Any CPU.Build.0 = Debug|Any CPU
		{E8BB69AA-C4C1-460E-B7CB-A6D32D8F4208}.Release|Any CPU.ActiveCfg = Release|Any CPU
		{E8BB69AA-C4C1-460E-B7CB-A6D32D8F4208}.Release|Any CPU.Build.0 = Release|Any CPU
		{4B6C22C5-A2D7-4950-ADF9-44B9F631A73C}.Debug|Any CPU.ActiveCfg = Debug|Any CPU
		{4B6C22C5-A2D7-4950-ADF9-44B9F631A73C}.Debug|Any CPU.Build.0 = Debug|Any CPU
		{4B6C22C5-A2D7-4950-ADF9-44B9F631A73C}.Release|Any CPU.ActiveCfg = Release|Any CPU
		{4B6C22C5-A2D7-4950-ADF9-44B9F631A73C}.Release|Any CPU.Build.0 = Release|Any CPU
		{8EECCD4F-DCE6-4793-AA54-A43DFF307D40}.Debug|Any CPU.ActiveCfg = Debug|Any CPU
		{8EECCD4F-DCE6-4793-AA54-A43DFF307D40}.Debug|Any CPU.Build.0 = Debug|Any CPU
		{8EECCD4F-DCE6-4793-AA54-A43DFF307D40}.Release|Any CPU.ActiveCfg = Release|Any CPU
		{8EECCD4F-DCE6-4793-AA54-A43DFF307D40}.Release|Any CPU.Build.0 = Release|Any CPU
		{44BC01FF-96CF-4B11-AA04-E88779735A91}.Debug|Any CPU.ActiveCfg = Debug|Any CPU
		{44BC01FF-96CF-4B11-AA04-E88779735A91}.Debug|Any CPU.Build.0 = Debug|Any CPU
		{44BC01FF-96CF-4B11-AA04-E88779735A91}.Release|Any CPU.ActiveCfg = Release|Any CPU
		{44BC01FF-96CF-4B11-AA04-E88779735A91}.Release|Any CPU.Build.0 = Release|Any CPU
		{6311FC5E-C79A-4061-8FB5-C6C85F1458AA}.Debug|Any CPU.ActiveCfg = Debug|Any CPU
		{6311FC5E-C79A-4061-8FB5-C6C85F1458AA}.Debug|Any CPU.Build.0 = Debug|Any CPU
		{6311FC5E-C79A-4061-8FB5-C6C85F1458AA}.Release|Any CPU.ActiveCfg = Release|Any CPU
		{6311FC5E-C79A-4061-8FB5-C6C85F1458AA}.Release|Any CPU.Build.0 = Release|Any CPU
		{9046F419-0607-4294-A9E9-96FDF676DEBC}.Debug|Any CPU.ActiveCfg = Debug|Any CPU
		{9046F419-0607-4294-A9E9-96FDF676DEBC}.Debug|Any CPU.Build.0 = Debug|Any CPU
		{9046F419-0607-4294-A9E9-96FDF676DEBC}.Release|Any CPU.ActiveCfg = Release|Any CPU
		{9046F419-0607-4294-A9E9-96FDF676DEBC}.Release|Any CPU.Build.0 = Release|Any CPU
		{189093B3-40D4-4C9D-892F-7168E720CA32}.Debug|Any CPU.ActiveCfg = Debug|Any CPU
		{189093B3-40D4-4C9D-892F-7168E720CA32}.Debug|Any CPU.Build.0 = Debug|Any CPU
		{189093B3-40D4-4C9D-892F-7168E720CA32}.Release|Any CPU.ActiveCfg = Release|Any CPU
		{189093B3-40D4-4C9D-892F-7168E720CA32}.Release|Any CPU.Build.0 = Release|Any CPU
		{90371054-2216-4EB1-84B7-C4FB7752A671}.Debug|Any CPU.ActiveCfg = Debug|Any CPU
		{90371054-2216-4EB1-84B7-C4FB7752A671}.Debug|Any CPU.Build.0 = Debug|Any CPU
		{90371054-2216-4EB1-84B7-C4FB7752A671}.Release|Any CPU.ActiveCfg = Release|Any CPU
		{90371054-2216-4EB1-84B7-C4FB7752A671}.Release|Any CPU.Build.0 = Release|Any CPU
		{92C0F5AB-0885-4F1A-81D4-6E3410DA77B0}.Debug|Any CPU.ActiveCfg = Debug|Any CPU
		{92C0F5AB-0885-4F1A-81D4-6E3410DA77B0}.Debug|Any CPU.Build.0 = Debug|Any CPU
		{92C0F5AB-0885-4F1A-81D4-6E3410DA77B0}.Release|Any CPU.ActiveCfg = Release|Any CPU
		{92C0F5AB-0885-4F1A-81D4-6E3410DA77B0}.Release|Any CPU.Build.0 = Release|Any CPU
		{076AC825-2611-4F6F-95B0-617D3C9A0494}.Debug|Any CPU.ActiveCfg = Debug|Any CPU
		{076AC825-2611-4F6F-95B0-617D3C9A0494}.Debug|Any CPU.Build.0 = Debug|Any CPU
		{076AC825-2611-4F6F-95B0-617D3C9A0494}.Release|Any CPU.ActiveCfg = Release|Any CPU
		{076AC825-2611-4F6F-95B0-617D3C9A0494}.Release|Any CPU.Build.0 = Release|Any CPU
		{D1D83121-C116-4DD4-B0AC-F38A5A156BBE}.Debug|Any CPU.ActiveCfg = Debug|Any CPU
		{D1D83121-C116-4DD4-B0AC-F38A5A156BBE}.Debug|Any CPU.Build.0 = Debug|Any CPU
		{D1D83121-C116-4DD4-B0AC-F38A5A156BBE}.Release|Any CPU.ActiveCfg = Release|Any CPU
		{D1D83121-C116-4DD4-B0AC-F38A5A156BBE}.Release|Any CPU.Build.0 = Release|Any CPU
		{BE2FCE7F-62F5-47B8-AB20-C930F8CA5FF6}.Debug|Any CPU.ActiveCfg = Debug|Any CPU
		{BE2FCE7F-62F5-47B8-AB20-C930F8CA5FF6}.Debug|Any CPU.Build.0 = Debug|Any CPU
		{BE2FCE7F-62F5-47B8-AB20-C930F8CA5FF6}.Release|Any CPU.ActiveCfg = Release|Any CPU
		{BE2FCE7F-62F5-47B8-AB20-C930F8CA5FF6}.Release|Any CPU.Build.0 = Release|Any CPU
		{71E81E00-21F6-4EE2-A8DE-3B08A2EAD6C9}.Debug|Any CPU.ActiveCfg = Debug|Any CPU
		{71E81E00-21F6-4EE2-A8DE-3B08A2EAD6C9}.Debug|Any CPU.Build.0 = Debug|Any CPU
		{71E81E00-21F6-4EE2-A8DE-3B08A2EAD6C9}.Release|Any CPU.ActiveCfg = Release|Any CPU
		{71E81E00-21F6-4EE2-A8DE-3B08A2EAD6C9}.Release|Any CPU.Build.0 = Release|Any CPU
		{45B75E54-81D7-4F97-9F04-AD2A83CAFD56}.Debug|Any CPU.ActiveCfg = Debug|Any CPU
		{45B75E54-81D7-4F97-9F04-AD2A83CAFD56}.Debug|Any CPU.Build.0 = Debug|Any CPU
		{45B75E54-81D7-4F97-9F04-AD2A83CAFD56}.Release|Any CPU.ActiveCfg = Release|Any CPU
		{45B75E54-81D7-4F97-9F04-AD2A83CAFD56}.Release|Any CPU.Build.0 = Release|Any CPU
		{50EA8575-82A0-4CF1-87EE-CFC4CE922B76}.Debug|Any CPU.ActiveCfg = Debug|Any CPU
		{50EA8575-82A0-4CF1-87EE-CFC4CE922B76}.Debug|Any CPU.Build.0 = Debug|Any CPU
		{50EA8575-82A0-4CF1-87EE-CFC4CE922B76}.Release|Any CPU.ActiveCfg = Release|Any CPU
		{50EA8575-82A0-4CF1-87EE-CFC4CE922B76}.Release|Any CPU.Build.0 = Release|Any CPU
		{A9ED11FE-0851-4C8C-A80F-7EF56CE074AE}.Debug|Any CPU.ActiveCfg = Debug|Any CPU
		{A9ED11FE-0851-4C8C-A80F-7EF56CE074AE}.Debug|Any CPU.Build.0 = Debug|Any CPU
		{A9ED11FE-0851-4C8C-A80F-7EF56CE074AE}.Release|Any CPU.ActiveCfg = Release|Any CPU
		{A9ED11FE-0851-4C8C-A80F-7EF56CE074AE}.Release|Any CPU.Build.0 = Release|Any CPU
		{D4636498-7427-4D30-9194-40B9EFEC23E7}.Debug|Any CPU.ActiveCfg = Debug|Any CPU
		{D4636498-7427-4D30-9194-40B9EFEC23E7}.Debug|Any CPU.Build.0 = Debug|Any CPU
		{D4636498-7427-4D30-9194-40B9EFEC23E7}.Release|Any CPU.ActiveCfg = Release|Any CPU
		{D4636498-7427-4D30-9194-40B9EFEC23E7}.Release|Any CPU.Build.0 = Release|Any CPU
		{609F0896-D154-46A2-AF7A-A46C33A76E63}.Debug|Any CPU.ActiveCfg = Debug|Any CPU
		{609F0896-D154-46A2-AF7A-A46C33A76E63}.Debug|Any CPU.Build.0 = Debug|Any CPU
		{609F0896-D154-46A2-AF7A-A46C33A76E63}.Release|Any CPU.ActiveCfg = Release|Any CPU
		{609F0896-D154-46A2-AF7A-A46C33A76E63}.Release|Any CPU.Build.0 = Release|Any CPU
		{19E1CDD9-F4C8-4A32-AF41-D00D7113BD94}.Debug|Any CPU.ActiveCfg = Debug|Any CPU
		{19E1CDD9-F4C8-4A32-AF41-D00D7113BD94}.Debug|Any CPU.Build.0 = Debug|Any CPU
		{19E1CDD9-F4C8-4A32-AF41-D00D7113BD94}.Release|Any CPU.ActiveCfg = Release|Any CPU
		{19E1CDD9-F4C8-4A32-AF41-D00D7113BD94}.Release|Any CPU.Build.0 = Release|Any CPU
		{CF8BFF42-7559-4CCF-B6F8-E0C0648667F3}.Debug|Any CPU.ActiveCfg = Debug|Any CPU
		{CF8BFF42-7559-4CCF-B6F8-E0C0648667F3}.Debug|Any CPU.Build.0 = Debug|Any CPU
		{CF8BFF42-7559-4CCF-B6F8-E0C0648667F3}.Release|Any CPU.ActiveCfg = Release|Any CPU
		{CF8BFF42-7559-4CCF-B6F8-E0C0648667F3}.Release|Any CPU.Build.0 = Release|Any CPU
		{D23F159E-F2B0-4B29-A037-DE7F93BB1279}.Debug|Any CPU.ActiveCfg = Debug|Any CPU
		{D23F159E-F2B0-4B29-A037-DE7F93BB1279}.Debug|Any CPU.Build.0 = Debug|Any CPU
		{D23F159E-F2B0-4B29-A037-DE7F93BB1279}.Release|Any CPU.ActiveCfg = Release|Any CPU
		{D23F159E-F2B0-4B29-A037-DE7F93BB1279}.Release|Any CPU.Build.0 = Release|Any CPU
		{102B911B-6428-48F4-912F-014D92A720F2}.Debug|Any CPU.ActiveCfg = Debug|Any CPU
		{102B911B-6428-48F4-912F-014D92A720F2}.Debug|Any CPU.Build.0 = Debug|Any CPU
		{102B911B-6428-48F4-912F-014D92A720F2}.Release|Any CPU.ActiveCfg = Release|Any CPU
		{102B911B-6428-48F4-912F-014D92A720F2}.Release|Any CPU.Build.0 = Release|Any CPU
		{D7E58EC4-E7D8-4C91-B94E-8652AB4FB83C}.Debug|Any CPU.ActiveCfg = Debug|Any CPU
		{D7E58EC4-E7D8-4C91-B94E-8652AB4FB83C}.Debug|Any CPU.Build.0 = Debug|Any CPU
		{D7E58EC4-E7D8-4C91-B94E-8652AB4FB83C}.Release|Any CPU.ActiveCfg = Release|Any CPU
		{D7E58EC4-E7D8-4C91-B94E-8652AB4FB83C}.Release|Any CPU.Build.0 = Release|Any CPU
		{F888FC4B-8113-4316-99CA-E8E8FF464F0E}.Debug|Any CPU.ActiveCfg = Debug|Any CPU
		{F888FC4B-8113-4316-99CA-E8E8FF464F0E}.Debug|Any CPU.Build.0 = Debug|Any CPU
		{F888FC4B-8113-4316-99CA-E8E8FF464F0E}.Release|Any CPU.ActiveCfg = Release|Any CPU
		{F888FC4B-8113-4316-99CA-E8E8FF464F0E}.Release|Any CPU.Build.0 = Release|Any CPU
		{21693F23-79BC-47B6-9F7D-A0E98D4C3AC2}.Debug|Any CPU.ActiveCfg = Debug|Any CPU
		{21693F23-79BC-47B6-9F7D-A0E98D4C3AC2}.Debug|Any CPU.Build.0 = Debug|Any CPU
		{21693F23-79BC-47B6-9F7D-A0E98D4C3AC2}.Release|Any CPU.ActiveCfg = Release|Any CPU
		{21693F23-79BC-47B6-9F7D-A0E98D4C3AC2}.Release|Any CPU.Build.0 = Release|Any CPU
		{22A5BDB6-6C89-4C97-B6D8-8E34F1CE1B32}.Debug|Any CPU.ActiveCfg = Debug|Any CPU
		{22A5BDB6-6C89-4C97-B6D8-8E34F1CE1B32}.Debug|Any CPU.Build.0 = Debug|Any CPU
		{22A5BDB6-6C89-4C97-B6D8-8E34F1CE1B32}.Release|Any CPU.ActiveCfg = Release|Any CPU
		{22A5BDB6-6C89-4C97-B6D8-8E34F1CE1B32}.Release|Any CPU.Build.0 = Release|Any CPU
		{486017EF-D0D9-4CA9-AD7C-EFE5345F2751}.Debug|Any CPU.ActiveCfg = Debug|Any CPU
		{486017EF-D0D9-4CA9-AD7C-EFE5345F2751}.Debug|Any CPU.Build.0 = Debug|Any CPU
		{486017EF-D0D9-4CA9-AD7C-EFE5345F2751}.Release|Any CPU.ActiveCfg = Release|Any CPU
		{486017EF-D0D9-4CA9-AD7C-EFE5345F2751}.Release|Any CPU.Build.0 = Release|Any CPU
		{22B4B1D6-8128-488D-AA01-F0BED6793F4A}.Debug|Any CPU.ActiveCfg = Debug|Any CPU
		{22B4B1D6-8128-488D-AA01-F0BED6793F4A}.Debug|Any CPU.Build.0 = Debug|Any CPU
		{22B4B1D6-8128-488D-AA01-F0BED6793F4A}.Release|Any CPU.ActiveCfg = Release|Any CPU
		{22B4B1D6-8128-488D-AA01-F0BED6793F4A}.Release|Any CPU.Build.0 = Release|Any CPU
		{88FA568D-8B73-40AB-B1E3-0C8B257DB01B}.Debug|Any CPU.ActiveCfg = Debug|Any CPU
		{88FA568D-8B73-40AB-B1E3-0C8B257DB01B}.Debug|Any CPU.Build.0 = Debug|Any CPU
		{88FA568D-8B73-40AB-B1E3-0C8B257DB01B}.Release|Any CPU.ActiveCfg = Release|Any CPU
		{88FA568D-8B73-40AB-B1E3-0C8B257DB01B}.Release|Any CPU.Build.0 = Release|Any CPU
		{A29DD2A6-555B-4BF8-8CF5-13446EB64A4D}.Debug|Any CPU.ActiveCfg = Debug|Any CPU
		{A29DD2A6-555B-4BF8-8CF5-13446EB64A4D}.Debug|Any CPU.Build.0 = Debug|Any CPU
		{A29DD2A6-555B-4BF8-8CF5-13446EB64A4D}.Release|Any CPU.ActiveCfg = Release|Any CPU
		{A29DD2A6-555B-4BF8-8CF5-13446EB64A4D}.Release|Any CPU.Build.0 = Release|Any CPU
	EndGlobalSection
	GlobalSection(SolutionProperties) = preSolution
		HideSolutionNode = FALSE
	EndGlobalSection
	GlobalSection(NestedProjects) = preSolution
		{3ADA08D8-5EA1-4420-9EE4-EEEE6823DAF0} = {47D8A0EE-69AD-4FB5-BD3C-5058F43B6762}
		{DCC71093-F9C0-4260-8CAB-B542F7EE9BC7} = {3ADA08D8-5EA1-4420-9EE4-EEEE6823DAF0}
		{E8BB69AA-C4C1-460E-B7CB-A6D32D8F4208} = {3ADA08D8-5EA1-4420-9EE4-EEEE6823DAF0}
		{4B6C22C5-A2D7-4950-ADF9-44B9F631A73C} = {3ADA08D8-5EA1-4420-9EE4-EEEE6823DAF0}
		{8EECCD4F-DCE6-4793-AA54-A43DFF307D40} = {3ADA08D8-5EA1-4420-9EE4-EEEE6823DAF0}
		{44BC01FF-96CF-4B11-AA04-E88779735A91} = {3ADA08D8-5EA1-4420-9EE4-EEEE6823DAF0}
		{8689A8A1-4799-47CA-AFAF-2A553A321038} = {47D8A0EE-69AD-4FB5-BD3C-5058F43B6762}
		{6311FC5E-C79A-4061-8FB5-C6C85F1458AA} = {8689A8A1-4799-47CA-AFAF-2A553A321038}
		{9046F419-0607-4294-A9E9-96FDF676DEBC} = {8689A8A1-4799-47CA-AFAF-2A553A321038}
		{189093B3-40D4-4C9D-892F-7168E720CA32} = {8689A8A1-4799-47CA-AFAF-2A553A321038}
		{90371054-2216-4EB1-84B7-C4FB7752A671} = {8689A8A1-4799-47CA-AFAF-2A553A321038}
		{7BF716D4-3197-4D00-A802-70818B582D23} = {47D8A0EE-69AD-4FB5-BD3C-5058F43B6762}
		{92C0F5AB-0885-4F1A-81D4-6E3410DA77B0} = {7BF716D4-3197-4D00-A802-70818B582D23}
		{076AC825-2611-4F6F-95B0-617D3C9A0494} = {7BF716D4-3197-4D00-A802-70818B582D23}
		{D1D83121-C116-4DD4-B0AC-F38A5A156BBE} = {7BF716D4-3197-4D00-A802-70818B582D23}
		{BE2FCE7F-62F5-47B8-AB20-C930F8CA5FF6} = {7BF716D4-3197-4D00-A802-70818B582D23}
		{45B75E54-81D7-4F97-9F04-AD2A83CAFD56} = {B1514B1B-9C94-4E7F-800E-95069921DA44}
		{FFEDF0C2-4FBB-49E2-B394-C186DBF5EF9E} = {47D8A0EE-69AD-4FB5-BD3C-5058F43B6762}
		{50EA8575-82A0-4CF1-87EE-CFC4CE922B76} = {FFEDF0C2-4FBB-49E2-B394-C186DBF5EF9E}
		{A9ED11FE-0851-4C8C-A80F-7EF56CE074AE} = {FFEDF0C2-4FBB-49E2-B394-C186DBF5EF9E}
		{D4636498-7427-4D30-9194-40B9EFEC23E7} = {FFEDF0C2-4FBB-49E2-B394-C186DBF5EF9E}
		{609F0896-D154-46A2-AF7A-A46C33A76E63} = {FFEDF0C2-4FBB-49E2-B394-C186DBF5EF9E}
		{19E1CDD9-F4C8-4A32-AF41-D00D7113BD94} = {B793010F-CDBB-4AC4-81D0-0FE3898DDAEC}
		{CF8BFF42-7559-4CCF-B6F8-E0C0648667F3} = {2CB4ED67-694A-499D-A5FF-E16A4466D242}
		{D23F159E-F2B0-4B29-A037-DE7F93BB1279} = {2CB4ED67-694A-499D-A5FF-E16A4466D242}
		{102B911B-6428-48F4-912F-014D92A720F2} = {2CB4ED67-694A-499D-A5FF-E16A4466D242}
		{D7E58EC4-E7D8-4C91-B94E-8652AB4FB83C} = {2CB4ED67-694A-499D-A5FF-E16A4466D242}
		{F888FC4B-8113-4316-99CA-E8E8FF464F0E} = {69C6716F-BE9E-4F19-8F89-38055F9A70AE}
		{69C6716F-BE9E-4F19-8F89-38055F9A70AE} = {47D8A0EE-69AD-4FB5-BD3C-5058F43B6762}
		{21693F23-79BC-47B6-9F7D-A0E98D4C3AC2} = {69C6716F-BE9E-4F19-8F89-38055F9A70AE}
		{22A5BDB6-6C89-4C97-B6D8-8E34F1CE1B32} = {69C6716F-BE9E-4F19-8F89-38055F9A70AE}
		{486017EF-D0D9-4CA9-AD7C-EFE5345F2751} = {69C6716F-BE9E-4F19-8F89-38055F9A70AE}
		{22B4B1D6-8128-488D-AA01-F0BED6793F4A} = {69C6716F-BE9E-4F19-8F89-38055F9A70AE}
		{88FA568D-8B73-40AB-B1E3-0C8B257DB01B} = {7BF716D4-3197-4D00-A802-70818B582D23}
		{A29DD2A6-555B-4BF8-8CF5-13446EB64A4D} = {FFEDF0C2-4FBB-49E2-B394-C186DBF5EF9E}
	EndGlobalSection
	GlobalSection(ExtensibilityGlobals) = postSolution
		SolutionGuid = {865D5F0E-7F95-4741-B6C6-621D264C17D6}
	EndGlobalSection
EndGlobal
